
Microsoft Visual Studio Solution File, Format Version 12.00
# Visual Studio Version 17
VisualStudioVersion = 17.1.32319.34
MinimumVisualStudioVersion = 10.0.40219.1
Project("{FAE04EC0-301F-11D3-BF4B-00C04F79EFBC}") = "DatabasePrueba", "DatabasePrueba\DatabasePrueba.csproj", "{2EF6AF79-3D20-44FC-A1E2-9AB848A13048}"
EndProject
Global
	GlobalSection(SolutionConfigurationPlatforms) = preSolution
		Debug|Any CPU = Debug|Any CPU
		Release|Any CPU = Release|Any CPU
	EndGlobalSection
	GlobalSection(ProjectConfigurationPlatforms) = postSolution
		{2EF6AF79-3D20-44FC-A1E2-9AB848A13048}.Debug|Any CPU.ActiveCfg = Debug|Any CPU
		{2EF6AF79-3D20-44FC-A1E2-9AB848A13048}.Debug|Any CPU.Build.0 = Debug|Any CPU
		{2EF6AF79-3D20-44FC-A1E2-9AB848A13048}.Release|Any CPU.ActiveCfg = Release|Any CPU
		{2EF6AF79-3D20-44FC-A1E2-9AB848A13048}.Release|Any CPU.Build.0 = Release|Any CPU
	EndGlobalSection
	GlobalSection(SolutionProperties) = preSolution
		HideSolutionNode = FALSE
	EndGlobalSection
	GlobalSection(ExtensibilityGlobals) = postSolution
		SolutionGuid = {2F789D1B-D555-4F75-8D5B-226C6700E988}
	EndGlobalSection
EndGlobal
